// !$*UTF8*$!
{
	archiveVersion = 1;
	classes = {
	};
	objectVersion = 46;
	objects = {

/* Begin PBXBuildFile section */
		E53B38361DEA6054004A0270 /* FBAudienceNetwork.framework in Frameworks */ = {isa = PBXBuildFile; fileRef = E53B38301DEA6054004A0270 /* FBAudienceNetwork.framework */; };
		E53B38371DEA6054004A0270 /* FBNotifications.framework in Frameworks */ = {isa = PBXBuildFile; fileRef = E53B38311DEA6054004A0270 /* FBNotifications.framework */; };
		E53B38381DEA6054004A0270 /* FBSDKCoreKit.framework in Frameworks */ = {isa = PBXBuildFile; fileRef = E53B38321DEA6054004A0270 /* FBSDKCoreKit.framework */; };
		E53B38391DEA6054004A0270 /* FBSDKLoginKit.framework in Frameworks */ = {isa = PBXBuildFile; fileRef = E53B38331DEA6054004A0270 /* FBSDKLoginKit.framework */; };
		E53B383A1DEA6054004A0270 /* FBSDKMessengerShareKit.framework in Frameworks */ = {isa = PBXBuildFile; fileRef = E53B38341DEA6054004A0270 /* FBSDKMessengerShareKit.framework */; };
		E53B383B1DEA6054004A0270 /* FBSDKShareKit.framework in Frameworks */ = {isa = PBXBuildFile; fileRef = E53B38351DEA6054004A0270 /* FBSDKShareKit.framework */; };
		E53B383D1DEA6C83004A0270 /* AccountKit.framework in Frameworks */ = {isa = PBXBuildFile; fileRef = E53B383C1DEA6C83004A0270 /* AccountKit.framework */; };
		E53B383F1DEA6C95004A0270 /* Bolts.framework in Frameworks */ = {isa = PBXBuildFile; fileRef = E53B383E1DEA6C95004A0270 /* Bolts.framework */; };
		E53C3D9D1DDBC6F500806515 /* AppDelegate.swift in Sources */ = {isa = PBXBuildFile; fileRef = E53C3D9C1DDBC6F500806515 /* AppDelegate.swift */; };
		E53C3D9F1DDBC6F500806515 /* ViewController.swift in Sources */ = {isa = PBXBuildFile; fileRef = E53C3D9E1DDBC6F500806515 /* ViewController.swift */; };
		E53C3DA21DDBC6F500806515 /* Main.storyboard in Resources */ = {isa = PBXBuildFile; fileRef = E53C3DA01DDBC6F500806515 /* Main.storyboard */; };
		E53C3DA41DDBC6F500806515 /* Assets.xcassets in Resources */ = {isa = PBXBuildFile; fileRef = E53C3DA31DDBC6F500806515 /* Assets.xcassets */; };
		E53C3DA71DDBC6F500806515 /* LaunchScreen.storyboard in Resources */ = {isa = PBXBuildFile; fileRef = E53C3DA51DDBC6F500806515 /* LaunchScreen.storyboard */; };
		E53C3DAF1DDBCC1B00806515 /* unamposgrado.png in Resources */ = {isa = PBXBuildFile; fileRef = E53C3DAE1DDBCC1B00806515 /* unamposgrado.png */; };
		E53C3DB51DDC1BB700806515 /* SystemConfiguration.framework in Frameworks */ = {isa = PBXBuildFile; fileRef = E53C3DB41DDC1BB700806515 /* SystemConfiguration.framework */; settings = {ATTRIBUTES = (Required, ); }; };
/* End PBXBuildFile section */

/* Begin PBXFileReference section */
		E53B38301DEA6054004A0270 /* FBAudienceNetwork.framework */ = {isa = PBXFileReference; lastKnownFileType = wrapper.framework; path = FBAudienceNetwork.framework; sourceTree = "<group>"; };
		E53B38311DEA6054004A0270 /* FBNotifications.framework */ = {isa = PBXFileReference; lastKnownFileType = wrapper.framework; path = FBNotifications.framework; sourceTree = "<group>"; };
		E53B38321DEA6054004A0270 /* FBSDKCoreKit.framework */ = {isa = PBXFileReference; lastKnownFileType = wrapper.framework; path = FBSDKCoreKit.framework; sourceTree = "<group>"; };
		E53B38331DEA6054004A0270 /* FBSDKLoginKit.framework */ = {isa = PBXFileReference; lastKnownFileType = wrapper.framework; path = FBSDKLoginKit.framework; sourceTree = "<group>"; };
		E53B38341DEA6054004A0270 /* FBSDKMessengerShareKit.framework */ = {isa = PBXFileReference; lastKnownFileType = wrapper.framework; path = FBSDKMessengerShareKit.framework; sourceTree = "<group>"; };
		E53B38351DEA6054004A0270 /* FBSDKShareKit.framework */ = {isa = PBXFileReference; lastKnownFileType = wrapper.framework; path = FBSDKShareKit.framework; sourceTree = "<group>"; };
		E53B383C1DEA6C83004A0270 /* AccountKit.framework */ = {isa = PBXFileReference; lastKnownFileType = wrapper.framework; path = AccountKit.framework; sourceTree = "<group>"; };
		E53B383E1DEA6C95004A0270 /* Bolts.framework */ = {isa = PBXFileReference; lastKnownFileType = wrapper.framework; path = Bolts.framework; sourceTree = "<group>"; };
		E53C3D991DDBC6F500806515 /* LoginEventosCep.app */ = {isa = PBXFileReference; explicitFileType = wrapper.application; includeInIndex = 0; path = LoginEventosCep.app; sourceTree = BUILT_PRODUCTS_DIR; };
		E53C3D9C1DDBC6F500806515 /* AppDelegate.swift */ = {isa = PBXFileReference; lastKnownFileType = sourcecode.swift; path = AppDelegate.swift; sourceTree = "<group>"; };
		E53C3D9E1DDBC6F500806515 /* ViewController.swift */ = {isa = PBXFileReference; lastKnownFileType = sourcecode.swift; path = ViewController.swift; sourceTree = "<group>"; };
		E53C3DA11DDBC6F500806515 /* Base */ = {isa = PBXFileReference; lastKnownFileType = file.storyboard; name = Base; path = Base.lproj/Main.storyboard; sourceTree = "<group>"; };
		E53C3DA31DDBC6F500806515 /* Assets.xcassets */ = {isa = PBXFileReference; lastKnownFileType = folder.assetcatalog; path = Assets.xcassets; sourceTree = "<group>"; };
		E53C3DA61DDBC6F500806515 /* Base */ = {isa = PBXFileReference; lastKnownFileType = file.storyboard; name = Base; path = Base.lproj/LaunchScreen.storyboard; sourceTree = "<group>"; };
		E53C3DA81DDBC6F500806515 /* Info.plist */ = {isa = PBXFileReference; lastKnownFileType = text.plist.xml; path = Info.plist; sourceTree = "<group>"; };
		E53C3DAE1DDBCC1B00806515 /* unamposgrado.png */ = {isa = PBXFileReference; lastKnownFileType = image.png; path = unamposgrado.png; sourceTree = "<group>"; };
		E53C3DB41DDC1BB700806515 /* SystemConfiguration.framework */ = {isa = PBXFileReference; lastKnownFileType = wrapper.framework; name = SystemConfiguration.framework; path = System/Library/Frameworks/SystemConfiguration.framework; sourceTree = SDKROOT; };
		E5F283551DECFF92003E83FF /* LoginEventosCep.entitlements */ = {isa = PBXFileReference; lastKnownFileType = text.plist.entitlements; path = LoginEventosCep.entitlements; sourceTree = "<group>"; };
		E5F283561DED1829003E83FF /* Header.h */ = {isa = PBXFileReference; fileEncoding = 4; lastKnownFileType = sourcecode.c.h; path = Header.h; sourceTree = "<group>"; };
/* End PBXFileReference section */

/* Begin PBXFrameworksBuildPhase section */
		E53C3D961DDBC6F500806515 /* Frameworks */ = {
			isa = PBXFrameworksBuildPhase;
			buildActionMask = 2147483647;
			files = (
				E53C3DB51DDC1BB700806515 /* SystemConfiguration.framework in Frameworks */,
				E53B38381DEA6054004A0270 /* FBSDKCoreKit.framework in Frameworks */,
				E53B38391DEA6054004A0270 /* FBSDKLoginKit.framework in Frameworks */,
				E53B383B1DEA6054004A0270 /* FBSDKShareKit.framework in Frameworks */,
				E53B38371DEA6054004A0270 /* FBNotifications.framework in Frameworks */,
				E53B383D1DEA6C83004A0270 /* AccountKit.framework in Frameworks */,
				E53B383F1DEA6C95004A0270 /* Bolts.framework in Frameworks */,
				E53B383A1DEA6054004A0270 /* FBSDKMessengerShareKit.framework in Frameworks */,
				E53B38361DEA6054004A0270 /* FBAudienceNetwork.framework in Frameworks */,
			);
			runOnlyForDeploymentPostprocessing = 0;
		};
/* End PBXFrameworksBuildPhase section */

/* Begin PBXGroup section */
		E53C3D901DDBC6F500806515 = {
			isa = PBXGroup;
			children = (
				E53C3D9B1DDBC6F500806515 /* LoginEventosCep */,
				E53C3D9A1DDBC6F500806515 /* Products */,
				E53C3DB31DDC1BB700806515 /* Frameworks */,
			);
			sourceTree = "<group>";
		};
		E53C3D9A1DDBC6F500806515 /* Products */ = {
			isa = PBXGroup;
			children = (
				E53C3D991DDBC6F500806515 /* LoginEventosCep.app */,
			);
			name = Products;
			sourceTree = "<group>";
		};
		E53C3D9B1DDBC6F500806515 /* LoginEventosCep */ = {
			isa = PBXGroup;
			children = (
				E5F283551DECFF92003E83FF /* LoginEventosCep.entitlements */,
				E53B383E1DEA6C95004A0270 /* Bolts.framework */,
				E53B383C1DEA6C83004A0270 /* AccountKit.framework */,
				E53B38301DEA6054004A0270 /* FBAudienceNetwork.framework */,
				E53B38311DEA6054004A0270 /* FBNotifications.framework */,
				E53B38321DEA6054004A0270 /* FBSDKCoreKit.framework */,
				E53B38331DEA6054004A0270 /* FBSDKLoginKit.framework */,
				E53B38341DEA6054004A0270 /* FBSDKMessengerShareKit.framework */,
				E53B38351DEA6054004A0270 /* FBSDKShareKit.framework */,
				E53C3DAE1DDBCC1B00806515 /* unamposgrado.png */,
				E53C3D9C1DDBC6F500806515 /* AppDelegate.swift */,
				E53C3D9E1DDBC6F500806515 /* ViewController.swift */,
				E53C3DA01DDBC6F500806515 /* Main.storyboard */,
				E53C3DA31DDBC6F500806515 /* Assets.xcassets */,
				E53C3DA51DDBC6F500806515 /* LaunchScreen.storyboard */,
				E53C3DA81DDBC6F500806515 /* Info.plist */,
				E5F283561DED1829003E83FF /* Header.h */,
			);
			path = LoginEventosCep;
			sourceTree = "<group>";
		};
		E53C3DB31DDC1BB700806515 /* Frameworks */ = {
			isa = PBXGroup;
			children = (
				E53C3DB41DDC1BB700806515 /* SystemConfiguration.framework */,
			);
			name = Frameworks;
			sourceTree = "<group>";
		};
/* End PBXGroup section */

/* Begin PBXNativeTarget section */
		E53C3D981DDBC6F500806515 /* LoginEventosCep */ = {
			isa = PBXNativeTarget;
			buildConfigurationList = E53C3DAB1DDBC6F500806515 /* Build configuration list for PBXNativeTarget "LoginEventosCep" */;
			buildPhases = (
				E53C3D951DDBC6F500806515 /* Sources */,
				E53C3D961DDBC6F500806515 /* Frameworks */,
				E53C3D971DDBC6F500806515 /* Resources */,
			);
			buildRules = (
			);
			dependencies = (
			);
			name = LoginEventosCep;
			productName = LoginEventosCep;
			productReference = E53C3D991DDBC6F500806515 /* LoginEventosCep.app */;
			productType = "com.apple.product-type.application";
		};
/* End PBXNativeTarget section */

/* Begin PBXProject section */
		E53C3D911DDBC6F500806515 /* Project object */ = {
			isa = PBXProject;
			attributes = {
				LastSwiftUpdateCheck = 0810;
				LastUpgradeCheck = 0810;
				ORGANIZATIONNAME = "Mario Jimenez";
				TargetAttributes = {
					E53C3D981DDBC6F500806515 = {
						CreatedOnToolsVersion = 8.1;
						DevelopmentTeam = 4C7YU4D49A;
						ProvisioningStyle = Automatic;
						SystemCapabilities = {
							com.apple.Keychain = {
								enabled = 1;
							};
						};
					};
				};
			};
			buildConfigurationList = E53C3D941DDBC6F500806515 /* Build configuration list for PBXProject "LoginEventosCep" */;
			compatibilityVersion = "Xcode 3.2";
			developmentRegion = English;
			hasScannedForEncodings = 0;
			knownRegions = (
				en,
				Base,
			);
			mainGroup = E53C3D901DDBC6F500806515;
			productRefGroup = E53C3D9A1DDBC6F500806515 /* Products */;
			projectDirPath = "";
			projectRoot = "";
			targets = (
				E53C3D981DDBC6F500806515 /* LoginEventosCep */,
			);
		};
/* End PBXProject section */

/* Begin PBXResourcesBuildPhase section */
		E53C3D971DDBC6F500806515 /* Resources */ = {
			isa = PBXResourcesBuildPhase;
			buildActionMask = 2147483647;
			files = (
				E53C3DA71DDBC6F500806515 /* LaunchScreen.storyboard in Resources */,
				E53C3DA41DDBC6F500806515 /* Assets.xcassets in Resources */,
				E53C3DA21DDBC6F500806515 /* Main.storyboard in Resources */,
				E53C3DAF1DDBCC1B00806515 /* unamposgrado.png in Resources */,
			);
			runOnlyForDeploymentPostprocessing = 0;
		};
/* End PBXResourcesBuildPhase section */

/* Begin PBXSourcesBuildPhase section */
		E53C3D951DDBC6F500806515 /* Sources */ = {
			isa = PBXSourcesBuildPhase;
			buildActionMask = 2147483647;
			files = (
				E53C3D9F1DDBC6F500806515 /* ViewController.swift in Sources */,
				E53C3D9D1DDBC6F500806515 /* AppDelegate.swift in Sources */,
			);
			runOnlyForDeploymentPostprocessing = 0;
		};
/* End PBXSourcesBuildPhase section */

/* Begin PBXVariantGroup section */
		E53C3DA01DDBC6F500806515 /* Main.storyboard */ = {
			isa = PBXVariantGroup;
			children = (
				E53C3DA11DDBC6F500806515 /* Base */,
			);
			name = Main.storyboard;
			sourceTree = "<group>";
		};
		E53C3DA51DDBC6F500806515 /* LaunchScreen.storyboard */ = {
			isa = PBXVariantGroup;
			children = (
				E53C3DA61DDBC6F500806515 /* Base */,
			);
			name = LaunchScreen.storyboard;
			sourceTree = "<group>";
		};
/* End PBXVariantGroup section */

/* Begin XCBuildConfiguration section */
		E53C3DA91DDBC6F500806515 /* Debug */ = {
			isa = XCBuildConfiguration;
			buildSettings = {
				ALWAYS_SEARCH_USER_PATHS = NO;
				CLANG_ANALYZER_NONNULL = YES;
				CLANG_CXX_LANGUAGE_STANDARD = "gnu++0x";
				CLANG_CXX_LIBRARY = "libc++";
				CLANG_ENABLE_MODULES = YES;
				CLANG_ENABLE_OBJC_ARC = YES;
				CLANG_WARN_BOOL_CONVERSION = YES;
				CLANG_WARN_CONSTANT_CONVERSION = YES;
				CLANG_WARN_DIRECT_OBJC_ISA_USAGE = YES_ERROR;
				CLANG_WARN_DOCUMENTATION_COMMENTS = YES;
				CLANG_WARN_EMPTY_BODY = YES;
				CLANG_WARN_ENUM_CONVERSION = YES;
				CLANG_WARN_INFINITE_RECURSION = YES;
				CLANG_WARN_INT_CONVERSION = YES;
				CLANG_WARN_OBJC_ROOT_CLASS = YES_ERROR;
				CLANG_WARN_SUSPICIOUS_MOVES = YES;
				CLANG_WARN_UNREACHABLE_CODE = YES;
				CLANG_WARN__DUPLICATE_METHOD_MATCH = YES;
				"CODE_SIGN_IDENTITY[sdk=iphoneos*]" = "iPhone Developer";
				COPY_PHASE_STRIP = NO;
				DEBUG_INFORMATION_FORMAT = dwarf;
				ENABLE_STRICT_OBJC_MSGSEND = YES;
				ENABLE_TESTABILITY = YES;
				FRAMEWORK_SEARCH_PATHS = "~/Documents/FacebookSDK/**";
				GCC_C_LANGUAGE_STANDARD = gnu99;
				GCC_DYNAMIC_NO_PIC = NO;
				GCC_NO_COMMON_BLOCKS = YES;
				GCC_OPTIMIZATION_LEVEL = 0;
				GCC_PREPROCESSOR_DEFINITIONS = (
					"DEBUG=1",
					"$(inherited)",
				);
				GCC_WARN_64_TO_32_BIT_CONVERSION = YES;
				GCC_WARN_ABOUT_RETURN_TYPE = YES_ERROR;
				GCC_WARN_UNDECLARED_SELECTOR = YES;
				GCC_WARN_UNINITIALIZED_AUTOS = YES_AGGRESSIVE;
				GCC_WARN_UNUSED_FUNCTION = YES;
				GCC_WARN_UNUSED_VARIABLE = YES;
				IPHONEOS_DEPLOYMENT_TARGET = 10.1;
				MTL_ENABLE_DEBUG_INFO = YES;
				ONLY_ACTIVE_ARCH = YES;
				SDKROOT = iphoneos;
				SWIFT_ACTIVE_COMPILATION_CONDITIONS = DEBUG;
				SWIFT_OPTIMIZATION_LEVEL = "-Onone";
				SWIFT_VERSION = 2.3;
				TARGETED_DEVICE_FAMILY = 2;
			};
			name = Debug;
		};
		E53C3DAA1DDBC6F500806515 /* Release */ = {
			isa = XCBuildConfiguration;
			buildSettings = {
				ALWAYS_SEARCH_USER_PATHS = NO;
				CLANG_ANALYZER_NONNULL = YES;
				CLANG_CXX_LANGUAGE_STANDARD = "gnu++0x";
				CLANG_CXX_LIBRARY = "libc++";
				CLANG_ENABLE_MODULES = YES;
				CLANG_ENABLE_OBJC_ARC = YES;
				CLANG_WARN_BOOL_CONVERSION = YES;
				CLANG_WARN_CONSTANT_CONVERSION = YES;
				CLANG_WARN_DIRECT_OBJC_ISA_USAGE = YES_ERROR;
				CLANG_WARN_DOCUMENTATION_COMMENTS = YES;
				CLANG_WARN_EMPTY_BODY = YES;
				CLANG_WARN_ENUM_CONVERSION = YES;
				CLANG_WARN_INFINITE_RECURSION = YES;
				CLANG_WARN_INT_CONVERSION = YES;
				CLANG_WARN_OBJC_ROOT_CLASS = YES_ERROR;
				CLANG_WARN_SUSPICIOUS_MOVES = YES;
				CLANG_WARN_UNREACHABLE_CODE = YES;
				CLANG_WARN__DUPLICATE_METHOD_MATCH = YES;
				"CODE_SIGN_IDENTITY[sdk=iphoneos*]" = "iPhone Developer";
				COPY_PHASE_STRIP = NO;
				DEBUG_INFORMATION_FORMAT = "dwarf-with-dsym";
				ENABLE_NS_ASSERTIONS = NO;
				ENABLE_STRICT_OBJC_MSGSEND = YES;
				FRAMEWORK_SEARCH_PATHS = "~/Documents/FacebookSDK/**";
				GCC_C_LANGUAGE_STANDARD = gnu99;
				GCC_NO_COMMON_BLOCKS = YES;
				GCC_WARN_64_TO_32_BIT_CONVERSION = YES;
				GCC_WARN_ABOUT_RETURN_TYPE = YES_ERROR;
				GCC_WARN_UNDECLARED_SELECTOR = YES;
				GCC_WARN_UNINITIALIZED_AUTOS = YES_AGGRESSIVE;
				GCC_WARN_UNUSED_FUNCTION = YES;
				GCC_WARN_UNUSED_VARIABLE = YES;
				IPHONEOS_DEPLOYMENT_TARGET = 10.1;
				MTL_ENABLE_DEBUG_INFO = NO;
				SDKROOT = iphoneos;
				SWIFT_OPTIMIZATION_LEVEL = "-Owholemodule";
				SWIFT_VERSION = 2.3;
				TARGETED_DEVICE_FAMILY = 2;
				VALIDATE_PRODUCT = YES;
			};
			name = Release;
		};
		E53C3DAC1DDBC6F500806515 /* Debug */ = {
			isa = XCBuildConfiguration;
			buildSettings = {
				ASSETCATALOG_COMPILER_APPICON_NAME = AppIcon;
				CODE_SIGN_ENTITLEMENTS = LoginEventosCep/LoginEventosCep.entitlements;
				DEVELOPMENT_TEAM = 4C7YU4D49A;
				FRAMEWORK_SEARCH_PATHS = (
					"$(inherited)",
					"$(PROJECT_DIR)/LoginEventosCep",
				);
				GCC_DYNAMIC_NO_PIC = YES;
				INFOPLIST_FILE = LoginEventosCep/Info.plist;
				IPHONEOS_DEPLOYMENT_TARGET = 9.3;
				LD_RUNPATH_SEARCH_PATHS = "$(inherited) @executable_path/Frameworks";
				PRODUCT_BUNDLE_IDENTIFIER = mx.unam.posgrado.Log;
				PRODUCT_NAME = "$(TARGET_NAME)";
				SWIFT_VERSION = 2.3;
				TARGETED_DEVICE_FAMILY = "1,2";
			};
			name = Debug;
		};
		E53C3DAD1DDBC6F500806515 /* Release */ = {
			isa = XCBuildConfiguration;
			buildSettings = {
				ASSETCATALOG_COMPILER_APPICON_NAME = AppIcon;
				CODE_SIGN_ENTITLEMENTS = LoginEventosCep/LoginEventosCep.entitlements;
				DEVELOPMENT_TEAM = 4C7YU4D49A;
				FRAMEWORK_SEARCH_PATHS = (
					"$(inherited)",
					"$(PROJECT_DIR)/LoginEventosCep",
				);
				GCC_DYNAMIC_NO_PIC = YES;
				INFOPLIST_FILE = LoginEventosCep/Info.plist;
				IPHONEOS_DEPLOYMENT_TARGET = 9.3;
				LD_RUNPATH_SEARCH_PATHS = "$(inherited) @executable_path/Frameworks";
				PRODUCT_BUNDLE_IDENTIFIER = mx.unam.posgrado.Log;
				PRODUCT_NAME = "$(TARGET_NAME)";
				SWIFT_VERSION = 2.3;
				TARGETED_DEVICE_FAMILY = "1,2";
			};
			name = Release;
		};
/* End XCBuildConfiguration section */

/* Begin XCConfigurationList section */
		E53C3D941DDBC6F500806515 /* Build configuration list for PBXProject "LoginEventosCep" */ = {
			isa = XCConfigurationList;
			buildConfigurations = (
				E53C3DA91DDBC6F500806515 /* Debug */,
				E53C3DAA1DDBC6F500806515 /* Release */,
			);
			defaultConfigurationIsVisible = 0;
			defaultConfigurationName = Release;
		};
		E53C3DAB1DDBC6F500806515 /* Build configuration list for PBXNativeTarget "LoginEventosCep" */ = {
			isa = XCConfigurationList;
			buildConfigurations = (
				E53C3DAC1DDBC6F500806515 /* Debug */,
				E53C3DAD1DDBC6F500806515 /* Release */,
			);
			defaultConfigurationIsVisible = 0;
			defaultConfigurationName = Release;
		};
/* End XCConfigurationList section */
	};
	rootObject = E53C3D911DDBC6F500806515 /* Project object */;
}
